
Microsoft Visual Studio Solution File, Format Version 12.00
# Visual Studio 15
Project("{FAE04EC0-301F-11D3-BF4B-00C04F79EFBC}") = "Assembly-CSharp", "Assembly-CSharp.csproj", "{5EC1C1DC-1FBF-ABE0-727B-91ED31445F82}"
EndProject
Project("{FAE04EC0-301F-11D3-BF4B-00C04F79EFBC}") = "Assembly-CSharp-Editor", "Assembly-CSharp-Editor.csproj", "{B99C3DA7-39A0-A004-A161-B7520D0ACBED}"
EndProject
Global
	GlobalSection(SolutionConfigurationPlatforms) = preSolution
		Debug|Any CPU = Debug|Any CPU
		Release|Any CPU = Release|Any CPU
	EndGlobalSection
	GlobalSection(ProjectConfigurationPlatforms) = postSolution
		{5EC1C1DC-1FBF-ABE0-727B-91ED31445F82}.Debug|Any CPU.ActiveCfg = Debug|Any CPU
		{5EC1C1DC-1FBF-ABE0-727B-91ED31445F82}.Debug|Any CPU.Build.0 = Debug|Any CPU
		{5EC1C1DC-1FBF-ABE0-727B-91ED31445F82}.Release|Any CPU.ActiveCfg = Release|Any CPU
		{5EC1C1DC-1FBF-ABE0-727B-91ED31445F82}.Release|Any CPU.Build.0 = Release|Any CPU
		{B99C3DA7-39A0-A004-A161-B7520D0ACBED}.Debug|Any CPU.ActiveCfg = Debug|Any CPU
		{B99C3DA7-39A0-A004-A161-B7520D0ACBED}.Debug|Any CPU.Build.0 = Debug|Any CPU
		{B99C3DA7-39A0-A004-A161-B7520D0ACBED}.Release|Any CPU.ActiveCfg = Release|Any CPU
		{B99C3DA7-39A0-A004-A161-B7520D0ACBED}.Release|Any CPU.Build.0 = Release|Any CPU
	EndGlobalSection
	GlobalSection(SolutionProperties) = preSolution
		HideSolutionNode = FALSE
	EndGlobalSection
EndGlobal
